
Microsoft Visual Studio Solution File, Format Version 12.00
# Visual Studio 15
Project("{FAE04EC0-301F-11D3-BF4B-00C04F79EFBC}") = "Assembly-CSharp", "Assembly-CSharp.csproj", "{C0B76F4A-95AE-7B69-8B4C-DD5A1E47252D}"
EndProject
Project("{FAE04EC0-301F-11D3-BF4B-00C04F79EFBC}") = "Assembly-CSharp-Editor", "Assembly-CSharp-Editor.csproj", "{FE784B39-1B3E-9FC3-EE84-57F7555658CA}"
EndProject
Global
	GlobalSection(SolutionConfigurationPlatforms) = preSolution
		Debug|Any CPU = Debug|Any CPU
		Release|Any CPU = Release|Any CPU
	EndGlobalSection
	GlobalSection(ProjectConfigurationPlatforms) = postSolution
		{C0B76F4A-95AE-7B69-8B4C-DD5A1E47252D}.Debug|Any CPU.ActiveCfg = Debug|Any CPU
		{C0B76F4A-95AE-7B69-8B4C-DD5A1E47252D}.Debug|Any CPU.Build.0 = Debug|Any CPU
		{C0B76F4A-95AE-7B69-8B4C-DD5A1E47252D}.Release|Any CPU.ActiveCfg = Release|Any CPU
		{C0B76F4A-95AE-7B69-8B4C-DD5A1E47252D}.Release|Any CPU.Build.0 = Release|Any CPU
		{FE784B39-1B3E-9FC3-EE84-57F7555658CA}.Debug|Any CPU.ActiveCfg = Debug|Any CPU
		{FE784B39-1B3E-9FC3-EE84-57F7555658CA}.Debug|Any CPU.Build.0 = Debug|Any CPU
		{FE784B39-1B3E-9FC3-EE84-57F7555658CA}.Release|Any CPU.ActiveCfg = Release|Any CPU
		{FE784B39-1B3E-9FC3-EE84-57F7555658CA}.Release|Any CPU.Build.0 = Release|Any CPU
	EndGlobalSection
	GlobalSection(SolutionProperties) = preSolution
		HideSolutionNode = FALSE
	EndGlobalSection
EndGlobal
